
Microsoft Visual Studio Solution File, Format Version 12.00
# Visual Studio 14
VisualStudioVersion = 14.0.25420.1
MinimumVisualStudioVersion = 10.0.40219.1
Project("{FAE04EC0-301F-11D3-BF4B-00C04F79EFBC}") = "XFPagedCarouselViewSample", "XFPagedCarouselViewSample\XFPagedCarouselViewSample\XFPagedCarouselViewSample.csproj", "{7630B199-05B3-436D-B0A1-67462642F6A2}"
EndProject
Project("{FAE04EC0-301F-11D3-BF4B-00C04F79EFBC}") = "XFPagedCarouselViewSample.Droid", "XFPagedCarouselViewSample\XFPagedCarouselViewSample.Droid\XFPagedCarouselViewSample.Droid.csproj", "{AE14DEBB-9D6E-4473-8D34-751DF48502B4}"
EndProject
Project("{FAE04EC0-301F-11D3-BF4B-00C04F79EFBC}") = "XFPagedCarouselViewSample.iOS", "XFPagedCarouselViewSample\XFPagedCarouselViewSample.iOS\XFPagedCarouselViewSample.iOS.csproj", "{21B84F78-9518-4C16-AD31-EC0219C779F1}"
EndProject
Project("{2150E333-8FDC-42A3-9474-1A3956D46DE8}") = "Dependencies", "Dependencies", "{E889492D-D7EB-4E84-904A-0DFF752BCA86}"
EndProject
Project("{FAE04EC0-301F-11D3-BF4B-00C04F79EFBC}") = "XFPagedCarouselView", "..\src\XFPagedCarouselView\XFPagedCarouselView.csproj", "{67F9D3A8-F71E-4428-913F-C37AE82CDB24}"
EndProject
Project("{FAE04EC0-301F-11D3-BF4B-00C04F79EFBC}") = "XFPagedCarouselView.Droid", "..\src\XFPagedCarouselView.Droid\XFPagedCarouselView.Droid.csproj", "{85E370B8-5B61-4804-B25D-49EA424574DA}"
EndProject
Project("{FAE04EC0-301F-11D3-BF4B-00C04F79EFBC}") = "XFPagedCarouselView.iOS", "..\src\XFPagedCarouselView.iOS\XFPagedCarouselView.iOS.csproj", "{1743B64E-D687-4B31-81D6-2C460EE1B201}"
EndProject
Global
	GlobalSection(SolutionConfigurationPlatforms) = preSolution
		Ad-Hoc|Any CPU = Ad-Hoc|Any CPU
		Ad-Hoc|ARM = Ad-Hoc|ARM
		Ad-Hoc|iPhone = Ad-Hoc|iPhone
		Ad-Hoc|iPhoneSimulator = Ad-Hoc|iPhoneSimulator
		Ad-Hoc|x64 = Ad-Hoc|x64
		Ad-Hoc|x86 = Ad-Hoc|x86
		AppStore|Any CPU = AppStore|Any CPU
		AppStore|ARM = AppStore|ARM
		AppStore|iPhone = AppStore|iPhone
		AppStore|iPhoneSimulator = AppStore|iPhoneSimulator
		AppStore|x64 = AppStore|x64
		AppStore|x86 = AppStore|x86
		Debug|Any CPU = Debug|Any CPU
		Debug|ARM = Debug|ARM
		Debug|iPhone = Debug|iPhone
		Debug|iPhoneSimulator = Debug|iPhoneSimulator
		Debug|x64 = Debug|x64
		Debug|x86 = Debug|x86
		Release|Any CPU = Release|Any CPU
		Release|ARM = Release|ARM
		Release|iPhone = Release|iPhone
		Release|iPhoneSimulator = Release|iPhoneSimulator
		Release|x64 = Release|x64
		Release|x86 = Release|x86
	EndGlobalSection
	GlobalSection(ProjectConfigurationPlatforms) = postSolution
		{7630B199-05B3-436D-B0A1-67462642F6A2}.Ad-Hoc|Any CPU.ActiveCfg = Release|Any CPU
		{7630B199-05B3-436D-B0A1-67462642F6A2}.Ad-Hoc|Any CPU.Build.0 = Release|Any CPU
		{7630B199-05B3-436D-B0A1-67462642F6A2}.Ad-Hoc|ARM.ActiveCfg = Release|Any CPU
		{7630B199-05B3-436D-B0A1-67462642F6A2}.Ad-Hoc|ARM.Build.0 = Release|Any CPU
		{7630B199-05B3-436D-B0A1-67462642F6A2}.Ad-Hoc|iPhone.ActiveCfg = Release|Any CPU
		{7630B199-05B3-436D-B0A1-67462642F6A2}.Ad-Hoc|iPhone.Build.0 = Release|Any CPU
		{7630B199-05B3-436D-B0A1-67462642F6A2}.Ad-Hoc|iPhoneSimulator.ActiveCfg = Release|Any CPU
		{7630B199-05B3-436D-B0A1-67462642F6A2}.Ad-Hoc|iPhoneSimulator.Build.0 = Release|Any CPU
		{7630B199-05B3-436D-B0A1-67462642F6A2}.Ad-Hoc|x64.ActiveCfg = Release|Any CPU
		{7630B199-05B3-436D-B0A1-67462642F6A2}.Ad-Hoc|x64.Build.0 = Release|Any CPU
		{7630B199-05B3-436D-B0A1-67462642F6A2}.Ad-Hoc|x86.ActiveCfg = Release|Any CPU
		{7630B199-05B3-436D-B0A1-67462642F6A2}.Ad-Hoc|x86.Build.0 = Release|Any CPU
		{7630B199-05B3-436D-B0A1-67462642F6A2}.AppStore|Any CPU.ActiveCfg = Release|Any CPU
		{7630B199-05B3-436D-B0A1-67462642F6A2}.AppStore|Any CPU.Build.0 = Release|Any CPU
		{7630B199-05B3-436D-B0A1-67462642F6A2}.AppStore|ARM.ActiveCfg = Release|Any CPU
		{7630B199-05B3-436D-B0A1-67462642F6A2}.AppStore|ARM.Build.0 = Release|Any CPU
		{7630B199-05B3-436D-B0A1-67462642F6A2}.AppStore|iPhone.ActiveCfg = Release|Any CPU
		{7630B199-05B3-436D-B0A1-67462642F6A2}.AppStore|iPhone.Build.0 = Release|Any CPU
		{7630B199-05B3-436D-B0A1-67462642F6A2}.AppStore|iPhoneSimulator.ActiveCfg = Release|Any CPU
		{7630B199-05B3-436D-B0A1-67462642F6A2}.AppStore|iPhoneSimulator.Build.0 = Release|Any CPU
		{7630B199-05B3-436D-B0A1-67462642F6A2}.AppStore|x64.ActiveCfg = Release|Any CPU
		{7630B199-05B3-436D-B0A1-67462642F6A2}.AppStore|x64.Build.0 = Release|Any CPU
		{7630B199-05B3-436D-B0A1-67462642F6A2}.AppStore|x86.ActiveCfg = Release|Any CPU
		{7630B199-05B3-436D-B0A1-67462642F6A2}.AppStore|x86.Build.0 = Release|Any CPU
		{7630B199-05B3-436D-B0A1-67462642F6A2}.Debug|Any CPU.ActiveCfg = Debug|Any CPU
		{7630B199-05B3-436D-B0A1-67462642F6A2}.Debug|Any CPU.Build.0 = Debug|Any CPU
		{7630B199-05B3-436D-B0A1-67462642F6A2}.Debug|ARM.ActiveCfg = Debug|Any CPU
		{7630B199-05B3-436D-B0A1-67462642F6A2}.Debug|ARM.Build.0 = Debug|Any CPU
		{7630B199-05B3-436D-B0A1-67462642F6A2}.Debug|iPhone.ActiveCfg = Debug|Any CPU
		{7630B199-05B3-436D-B0A1-67462642F6A2}.Debug|iPhone.Build.0 = Debug|Any CPU
		{7630B199-05B3-436D-B0A1-67462642F6A2}.Debug|iPhoneSimulator.ActiveCfg = Debug|Any CPU
		{7630B199-05B3-436D-B0A1-67462642F6A2}.Debug|iPhoneSimulator.Build.0 = Debug|Any CPU
		{7630B199-05B3-436D-B0A1-67462642F6A2}.Debug|x64.ActiveCfg = Debug|Any CPU
		{7630B199-05B3-436D-B0A1-67462642F6A2}.Debug|x64.Build.0 = Debug|Any CPU
		{7630B199-05B3-436D-B0A1-67462642F6A2}.Debug|x86.ActiveCfg = Debug|Any CPU
		{7630B199-05B3-436D-B0A1-67462642F6A2}.Debug|x86.Build.0 = Debug|Any CPU
		{7630B199-05B3-436D-B0A1-67462642F6A2}.Release|Any CPU.ActiveCfg = Release|Any CPU
		{7630B199-05B3-436D-B0A1-67462642F6A2}.Release|Any CPU.Build.0 = Release|Any CPU
		{7630B199-05B3-436D-B0A1-67462642F6A2}.Release|ARM.ActiveCfg = Release|Any CPU
		{7630B199-05B3-436D-B0A1-67462642F6A2}.Release|ARM.Build.0 = Release|Any CPU
		{7630B199-05B3-436D-B0A1-67462642F6A2}.Release|iPhone.ActiveCfg = Release|Any CPU
		{7630B199-05B3-436D-B0A1-67462642F6A2}.Release|iPhone.Build.0 = Release|Any CPU
		{7630B199-05B3-436D-B0A1-67462642F6A2}.Release|iPhoneSimulator.ActiveCfg = Release|Any CPU
		{7630B199-05B3-436D-B0A1-67462642F6A2}.Release|iPhoneSimulator.Build.0 = Release|Any CPU
		{7630B199-05B3-436D-B0A1-67462642F6A2}.Release|x64.ActiveCfg = Release|Any CPU
		{7630B199-05B3-436D-B0A1-67462642F6A2}.Release|x64.Build.0 = Release|Any CPU
		{7630B199-05B3-436D-B0A1-67462642F6A2}.Release|x86.ActiveCfg = Release|Any CPU
		{7630B199-05B3-436D-B0A1-67462642F6A2}.Release|x86.Build.0 = Release|Any CPU
		{AE14DEBB-9D6E-4473-8D34-751DF48502B4}.Ad-Hoc|Any CPU.ActiveCfg = Release|Any CPU
		{AE14DEBB-9D6E-4473-8D34-751DF48502B4}.Ad-Hoc|Any CPU.Build.0 = Release|Any CPU
		{AE14DEBB-9D6E-4473-8D34-751DF48502B4}.Ad-Hoc|Any CPU.Deploy.0 = Release|Any CPU
		{AE14DEBB-9D6E-4473-8D34-751DF48502B4}.Ad-Hoc|ARM.ActiveCfg = Release|Any CPU
		{AE14DEBB-9D6E-4473-8D34-751DF48502B4}.Ad-Hoc|ARM.Build.0 = Release|Any CPU
		{AE14DEBB-9D6E-4473-8D34-751DF48502B4}.Ad-Hoc|ARM.Deploy.0 = Release|Any CPU
		{AE14DEBB-9D6E-4473-8D34-751DF48502B4}.Ad-Hoc|iPhone.ActiveCfg = Release|Any CPU
		{AE14DEBB-9D6E-4473-8D34-751DF48502B4}.Ad-Hoc|iPhone.Build.0 = Release|Any CPU
		{AE14DEBB-9D6E-4473-8D34-751DF48502B4}.Ad-Hoc|iPhone.Deploy.0 = Release|Any CPU
		{AE14DEBB-9D6E-4473-8D34-751DF48502B4}.Ad-Hoc|iPhoneSimulator.ActiveCfg = Release|Any CPU
		{AE14DEBB-9D6E-4473-8D34-751DF48502B4}.Ad-Hoc|iPhoneSimulator.Build.0 = Release|Any CPU
		{AE14DEBB-9D6E-4473-8D34-751DF48502B4}.Ad-Hoc|iPhoneSimulator.Deploy.0 = Release|Any CPU
		{AE14DEBB-9D6E-4473-8D34-751DF48502B4}.Ad-Hoc|x64.ActiveCfg = Release|Any CPU
		{AE14DEBB-9D6E-4473-8D34-751DF48502B4}.Ad-Hoc|x64.Build.0 = Release|Any CPU
		{AE14DEBB-9D6E-4473-8D34-751DF48502B4}.Ad-Hoc|x64.Deploy.0 = Release|Any CPU
		{AE14DEBB-9D6E-4473-8D34-751DF48502B4}.Ad-Hoc|x86.ActiveCfg = Release|Any CPU
		{AE14DEBB-9D6E-4473-8D34-751DF48502B4}.Ad-Hoc|x86.Build.0 = Release|Any CPU
		{AE14DEBB-9D6E-4473-8D34-751DF48502B4}.Ad-Hoc|x86.Deploy.0 = Release|Any CPU
		{AE14DEBB-9D6E-4473-8D34-751DF48502B4}.AppStore|Any CPU.ActiveCfg = Release|Any CPU
		{AE14DEBB-9D6E-4473-8D34-751DF48502B4}.AppStore|Any CPU.Build.0 = Release|Any CPU
		{AE14DEBB-9D6E-4473-8D34-751DF48502B4}.AppStore|Any CPU.Deploy.0 = Release|Any CPU
		{AE14DEBB-9D6E-4473-8D34-751DF48502B4}.AppStore|ARM.ActiveCfg = Release|Any CPU
		{AE14DEBB-9D6E-4473-8D34-751DF48502B4}.AppStore|ARM.Build.0 = Release|Any CPU
		{AE14DEBB-9D6E-4473-8D34-751DF48502B4}.AppStore|ARM.Deploy.0 = Release|Any CPU
		{AE14DEBB-9D6E-4473-8D34-751DF48502B4}.AppStore|iPhone.ActiveCfg = Release|Any CPU
		{AE14DEBB-9D6E-4473-8D34-751DF48502B4}.AppStore|iPhone.Build.0 = Release|Any CPU
		{AE14DEBB-9D6E-4473-8D34-751DF48502B4}.AppStore|iPhone.Deploy.0 = Release|Any CPU
		{AE14DEBB-9D6E-4473-8D34-751DF48502B4}.AppStore|iPhoneSimulator.ActiveCfg = Release|Any CPU
		{AE14DEBB-9D6E-4473-8D34-751DF48502B4}.AppStore|iPhoneSimulator.Build.0 = Release|Any CPU
		{AE14DEBB-9D6E-4473-8D34-751DF48502B4}.AppStore|iPhoneSimulator.Deploy.0 = Release|Any CPU
		{AE14DEBB-9D6E-4473-8D34-751DF48502B4}.AppStore|x64.ActiveCfg = Release|Any CPU
		{AE14DEBB-9D6E-4473-8D34-751DF48502B4}.AppStore|x64.Build.0 = Release|Any CPU
		{AE14DEBB-9D6E-4473-8D34-751DF48502B4}.AppStore|x64.Deploy.0 = Release|Any CPU
		{AE14DEBB-9D6E-4473-8D34-751DF48502B4}.AppStore|x86.ActiveCfg = Release|Any CPU
		{AE14DEBB-9D6E-4473-8D34-751DF48502B4}.AppStore|x86.Build.0 = Release|Any CPU
		{AE14DEBB-9D6E-4473-8D34-751DF48502B4}.AppStore|x86.Deploy.0 = Release|Any CPU
		{AE14DEBB-9D6E-4473-8D34-751DF48502B4}.Debug|Any CPU.ActiveCfg = Debug|Any CPU
		{AE14DEBB-9D6E-4473-8D34-751DF48502B4}.Debug|Any CPU.Build.0 = Debug|Any CPU
		{AE14DEBB-9D6E-4473-8D34-751DF48502B4}.Debug|Any CPU.Deploy.0 = Debug|Any CPU
		{AE14DEBB-9D6E-4473-8D34-751DF48502B4}.Debug|ARM.ActiveCfg = Debug|Any CPU
		{AE14DEBB-9D6E-4473-8D34-751DF48502B4}.Debug|ARM.Build.0 = Debug|Any CPU
		{AE14DEBB-9D6E-4473-8D34-751DF48502B4}.Debug|ARM.Deploy.0 = Debug|Any CPU
		{AE14DEBB-9D6E-4473-8D34-751DF48502B4}.Debug|iPhone.ActiveCfg = Debug|Any CPU
		{AE14DEBB-9D6E-4473-8D34-751DF48502B4}.Debug|iPhone.Build.0 = Debug|Any CPU
		{AE14DEBB-9D6E-4473-8D34-751DF48502B4}.Debug|iPhone.Deploy.0 = Debug|Any CPU
		{AE14DEBB-9D6E-4473-8D34-751DF48502B4}.Debug|iPhoneSimulator.ActiveCfg = Debug|Any CPU
		{AE14DEBB-9D6E-4473-8D34-751DF48502B4}.Debug|iPhoneSimulator.Build.0 = Debug|Any CPU
		{AE14DEBB-9D6E-4473-8D34-751DF48502B4}.Debug|iPhoneSimulator.Deploy.0 = Debug|Any CPU
		{AE14DEBB-9D6E-4473-8D34-751DF48502B4}.Debug|x64.ActiveCfg = Debug|Any CPU
		{AE14DEBB-9D6E-4473-8D34-751DF48502B4}.Debug|x64.Build.0 = Debug|Any CPU
		{AE14DEBB-9D6E-4473-8D34-751DF48502B4}.Debug|x64.Deploy.0 = Debug|Any CPU
		{AE14DEBB-9D6E-4473-8D34-751DF48502B4}.Debug|x86.ActiveCfg = Debug|Any CPU
		{AE14DEBB-9D6E-4473-8D34-751DF48502B4}.Debug|x86.Build.0 = Debug|Any CPU
		{AE14DEBB-9D6E-4473-8D34-751DF48502B4}.Debug|x86.Deploy.0 = Debug|Any CPU
		{AE14DEBB-9D6E-4473-8D34-751DF48502B4}.Release|Any CPU.ActiveCfg = Release|Any CPU
		{AE14DEBB-9D6E-4473-8D34-751DF48502B4}.Release|Any CPU.Build.0 = Release|Any CPU
		{AE14DEBB-9D6E-4473-8D34-751DF48502B4}.Release|Any CPU.Deploy.0 = Release|Any CPU
		{AE14DEBB-9D6E-4473-8D34-751DF48502B4}.Release|ARM.ActiveCfg = Release|Any CPU
		{AE14DEBB-9D6E-4473-8D34-751DF48502B4}.Release|ARM.Build.0 = Release|Any CPU
		{AE14DEBB-9D6E-4473-8D34-751DF48502B4}.Release|ARM.Deploy.0 = Release|Any CPU
		{AE14DEBB-9D6E-4473-8D34-751DF48502B4}.Release|iPhone.ActiveCfg = Release|Any CPU
		{AE14DEBB-9D6E-4473-8D34-751DF48502B4}.Release|iPhone.Build.0 = Release|Any CPU
		{AE14DEBB-9D6E-4473-8D34-751DF48502B4}.Release|iPhone.Deploy.0 = Release|Any CPU
		{AE14DEBB-9D6E-4473-8D34-751DF48502B4}.Release|iPhoneSimulator.ActiveCfg = Release|Any CPU
		{AE14DEBB-9D6E-4473-8D34-751DF48502B4}.Release|iPhoneSimulator.Build.0 = Release|Any CPU
		{AE14DEBB-9D6E-4473-8D34-751DF48502B4}.Release|iPhoneSimulator.Deploy.0 = Release|Any CPU
		{AE14DEBB-9D6E-4473-8D34-751DF48502B4}.Release|x64.ActiveCfg = Release|Any CPU
		{AE14DEBB-9D6E-4473-8D34-751DF48502B4}.Release|x64.Build.0 = Release|Any CPU
		{AE14DEBB-9D6E-4473-8D34-751DF48502B4}.Release|x64.Deploy.0 = Release|Any CPU
		{AE14DEBB-9D6E-4473-8D34-751DF48502B4}.Release|x86.ActiveCfg = Release|Any CPU
		{AE14DEBB-9D6E-4473-8D34-751DF48502B4}.Release|x86.Build.0 = Release|Any CPU
		{AE14DEBB-9D6E-4473-8D34-751DF48502B4}.Release|x86.Deploy.0 = Release|Any CPU
		{21B84F78-9518-4C16-AD31-EC0219C779F1}.Ad-Hoc|Any CPU.ActiveCfg = Ad-Hoc|iPhone
		{21B84F78-9518-4C16-AD31-EC0219C779F1}.Ad-Hoc|ARM.ActiveCfg = Ad-Hoc|iPhone
		{21B84F78-9518-4C16-AD31-EC0219C779F1}.Ad-Hoc|iPhone.ActiveCfg = Ad-Hoc|iPhone
		{21B84F78-9518-4C16-AD31-EC0219C779F1}.Ad-Hoc|iPhone.Build.0 = Ad-Hoc|iPhone
		{21B84F78-9518-4C16-AD31-EC0219C779F1}.Ad-Hoc|iPhoneSimulator.ActiveCfg = Ad-Hoc|iPhoneSimulator
		{21B84F78-9518-4C16-AD31-EC0219C779F1}.Ad-Hoc|iPhoneSimulator.Build.0 = Ad-Hoc|iPhoneSimulator
		{21B84F78-9518-4C16-AD31-EC0219C779F1}.Ad-Hoc|x64.ActiveCfg = Ad-Hoc|iPhone
		{21B84F78-9518-4C16-AD31-EC0219C779F1}.Ad-Hoc|x86.ActiveCfg = Ad-Hoc|iPhone
		{21B84F78-9518-4C16-AD31-EC0219C779F1}.AppStore|Any CPU.ActiveCfg = AppStore|iPhone
		{21B84F78-9518-4C16-AD31-EC0219C779F1}.AppStore|ARM.ActiveCfg = AppStore|iPhone
		{21B84F78-9518-4C16-AD31-EC0219C779F1}.AppStore|iPhone.ActiveCfg = AppStore|iPhone
		{21B84F78-9518-4C16-AD31-EC0219C779F1}.AppStore|iPhone.Build.0 = AppStore|iPhone
		{21B84F78-9518-4C16-AD31-EC0219C779F1}.AppStore|iPhoneSimulator.ActiveCfg = AppStore|iPhoneSimulator
		{21B84F78-9518-4C16-AD31-EC0219C779F1}.AppStore|iPhoneSimulator.Build.0 = AppStore|iPhoneSimulator
		{21B84F78-9518-4C16-AD31-EC0219C779F1}.AppStore|x64.ActiveCfg = AppStore|iPhone
		{21B84F78-9518-4C16-AD31-EC0219C779F1}.AppStore|x86.ActiveCfg = AppStore|iPhone
		{21B84F78-9518-4C16-AD31-EC0219C779F1}.Debug|Any CPU.ActiveCfg = Debug|iPhone
		{21B84F78-9518-4C16-AD31-EC0219C779F1}.Debug|ARM.ActiveCfg = Debug|iPhone
		{21B84F78-9518-4C16-AD31-EC0219C779F1}.Debug|iPhone.ActiveCfg = Debug|iPhone
		{21B84F78-9518-4C16-AD31-EC0219C779F1}.Debug|iPhone.Build.0 = Debug|iPhone
		{21B84F78-9518-4C16-AD31-EC0219C779F1}.Debug|iPhoneSimulator.ActiveCfg = Debug|iPhoneSimulator
		{21B84F78-9518-4C16-AD31-EC0219C779F1}.Debug|iPhoneSimulator.Build.0 = Debug|iPhoneSimulator
		{21B84F78-9518-4C16-AD31-EC0219C779F1}.Debug|x64.ActiveCfg = Debug|iPhone
		{21B84F78-9518-4C16-AD31-EC0219C779F1}.Debug|x86.ActiveCfg = Debug|iPhone
		{21B84F78-9518-4C16-AD31-EC0219C779F1}.Release|Any CPU.ActiveCfg = Release|iPhone
		{21B84F78-9518-4C16-AD31-EC0219C779F1}.Release|ARM.ActiveCfg = Release|iPhone
		{21B84F78-9518-4C16-AD31-EC0219C779F1}.Release|iPhone.ActiveCfg = Release|iPhone
		{21B84F78-9518-4C16-AD31-EC0219C779F1}.Release|iPhone.Build.0 = Release|iPhone
		{21B84F78-9518-4C16-AD31-EC0219C779F1}.Release|iPhoneSimulator.ActiveCfg = Release|iPhoneSimulator
		{21B84F78-9518-4C16-AD31-EC0219C779F1}.Release|iPhoneSimulator.Build.0 = Release|iPhoneSimulator
		{21B84F78-9518-4C16-AD31-EC0219C779F1}.Release|x64.ActiveCfg = Release|iPhone
		{21B84F78-9518-4C16-AD31-EC0219C779F1}.Release|x86.ActiveCfg = Release|iPhone
		{67F9D3A8-F71E-4428-913F-C37AE82CDB24}.Ad-Hoc|Any CPU.ActiveCfg = Release|Any CPU
		{67F9D3A8-F71E-4428-913F-C37AE82CDB24}.Ad-Hoc|Any CPU.Build.0 = Release|Any CPU
		{67F9D3A8-F71E-4428-913F-C37AE82CDB24}.Ad-Hoc|ARM.ActiveCfg = Release|Any CPU
		{67F9D3A8-F71E-4428-913F-C37AE82CDB24}.Ad-Hoc|ARM.Build.0 = Release|Any CPU
		{67F9D3A8-F71E-4428-913F-C37AE82CDB24}.Ad-Hoc|iPhone.ActiveCfg = Release|Any CPU
		{67F9D3A8-F71E-4428-913F-C37AE82CDB24}.Ad-Hoc|iPhone.Build.0 = Release|Any CPU
		{67F9D3A8-F71E-4428-913F-C37AE82CDB24}.Ad-Hoc|iPhoneSimulator.ActiveCfg = Release|Any CPU
		{67F9D3A8-F71E-4428-913F-C37AE82CDB24}.Ad-Hoc|iPhoneSimulator.Build.0 = Release|Any CPU
		{67F9D3A8-F71E-4428-913F-C37AE82CDB24}.Ad-Hoc|x64.ActiveCfg = Release|Any CPU
		{67F9D3A8-F71E-4428-913F-C37AE82CDB24}.Ad-Hoc|x64.Build.0 = Release|Any CPU
		{67F9D3A8-F71E-4428-913F-C37AE82CDB24}.Ad-Hoc|x86.ActiveCfg = Release|Any CPU
		{67F9D3A8-F71E-4428-913F-C37AE82CDB24}.Ad-Hoc|x86.Build.0 = Release|Any CPU
		{67F9D3A8-F71E-4428-913F-C37AE82CDB24}.AppStore|Any CPU.ActiveCfg = Release|Any CPU
		{67F9D3A8-F71E-4428-913F-C37AE82CDB24}.AppStore|Any CPU.Build.0 = Release|Any CPU
		{67F9D3A8-F71E-4428-913F-C37AE82CDB24}.AppStore|ARM.ActiveCfg = Release|Any CPU
		{67F9D3A8-F71E-4428-913F-C37AE82CDB24}.AppStore|ARM.Build.0 = Release|Any CPU
		{67F9D3A8-F71E-4428-913F-C37AE82CDB24}.AppStore|iPhone.ActiveCfg = Release|Any CPU
		{67F9D3A8-F71E-4428-913F-C37AE82CDB24}.AppStore|iPhone.Build.0 = Release|Any CPU
		{67F9D3A8-F71E-4428-913F-C37AE82CDB24}.AppStore|iPhoneSimulator.ActiveCfg = Release|Any CPU
		{67F9D3A8-F71E-4428-913F-C37AE82CDB24}.AppStore|iPhoneSimulator.Build.0 = Release|Any CPU
		{67F9D3A8-F71E-4428-913F-C37AE82CDB24}.AppStore|x64.ActiveCfg = Release|Any CPU
		{67F9D3A8-F71E-4428-913F-C37AE82CDB24}.AppStore|x64.Build.0 = Release|Any CPU
		{67F9D3A8-F71E-4428-913F-C37AE82CDB24}.AppStore|x86.ActiveCfg = Release|Any CPU
		{67F9D3A8-F71E-4428-913F-C37AE82CDB24}.AppStore|x86.Build.0 = Release|Any CPU
		{67F9D3A8-F71E-4428-913F-C37AE82CDB24}.Debug|Any CPU.ActiveCfg = Debug|Any CPU
		{67F9D3A8-F71E-4428-913F-C37AE82CDB24}.Debug|Any CPU.Build.0 = Debug|Any CPU
		{67F9D3A8-F71E-4428-913F-C37AE82CDB24}.Debug|ARM.ActiveCfg = Debug|Any CPU
		{67F9D3A8-F71E-4428-913F-C37AE82CDB24}.Debug|ARM.Build.0 = Debug|Any CPU
		{67F9D3A8-F71E-4428-913F-C37AE82CDB24}.Debug|iPhone.ActiveCfg = Debug|Any CPU
		{67F9D3A8-F71E-4428-913F-C37AE82CDB24}.Debug|iPhone.Build.0 = Debug|Any CPU
		{67F9D3A8-F71E-4428-913F-C37AE82CDB24}.Debug|iPhoneSimulator.ActiveCfg = Debug|Any CPU
		{67F9D3A8-F71E-4428-913F-C37AE82CDB24}.Debug|iPhoneSimulator.Build.0 = Debug|Any CPU
		{67F9D3A8-F71E-4428-913F-C37AE82CDB24}.Debug|x64.ActiveCfg = Debug|Any CPU
		{67F9D3A8-F71E-4428-913F-C37AE82CDB24}.Debug|x64.Build.0 = Debug|Any CPU
		{67F9D3A8-F71E-4428-913F-C37AE82CDB24}.Debug|x86.ActiveCfg = Debug|Any CPU
		{67F9D3A8-F71E-4428-913F-C37AE82CDB24}.Debug|x86.Build.0 = Debug|Any CPU
		{67F9D3A8-F71E-4428-913F-C37AE82CDB24}.Release|Any CPU.ActiveCfg = Release|Any CPU
		{67F9D3A8-F71E-4428-913F-C37AE82CDB24}.Release|Any CPU.Build.0 = Release|Any CPU
		{67F9D3A8-F71E-4428-913F-C37AE82CDB24}.Release|ARM.ActiveCfg = Release|Any CPU
		{67F9D3A8-F71E-4428-913F-C37AE82CDB24}.Release|ARM.Build.0 = Release|Any CPU
		{67F9D3A8-F71E-4428-913F-C37AE82CDB24}.Release|iPhone.ActiveCfg = Release|Any CPU
		{67F9D3A8-F71E-4428-913F-C37AE82CDB24}.Release|iPhone.Build.0 = Release|Any CPU
		{67F9D3A8-F71E-4428-913F-C37AE82CDB24}.Release|iPhoneSimulator.ActiveCfg = Release|Any CPU
		{67F9D3A8-F71E-4428-913F-C37AE82CDB24}.Release|iPhoneSimulator.Build.0 = Release|Any CPU
		{67F9D3A8-F71E-4428-913F-C37AE82CDB24}.Release|x64.ActiveCfg = Release|Any CPU
		{67F9D3A8-F71E-4428-913F-C37AE82CDB24}.Release|x64.Build.0 = Release|Any CPU
		{67F9D3A8-F71E-4428-913F-C37AE82CDB24}.Release|x86.ActiveCfg = Release|Any CPU
		{67F9D3A8-F71E-4428-913F-C37AE82CDB24}.Release|x86.Build.0 = Release|Any CPU
		{85E370B8-5B61-4804-B25D-49EA424574DA}.Ad-Hoc|Any CPU.ActiveCfg = Release|Any CPU
		{85E370B8-5B61-4804-B25D-49EA424574DA}.Ad-Hoc|Any CPU.Build.0 = Release|Any CPU
		{85E370B8-5B61-4804-B25D-49EA424574DA}.Ad-Hoc|ARM.ActiveCfg = Release|Any CPU
		{85E370B8-5B61-4804-B25D-49EA424574DA}.Ad-Hoc|ARM.Build.0 = Release|Any CPU
		{85E370B8-5B61-4804-B25D-49EA424574DA}.Ad-Hoc|iPhone.ActiveCfg = Release|Any CPU
		{85E370B8-5B61-4804-B25D-49EA424574DA}.Ad-Hoc|iPhone.Build.0 = Release|Any CPU
		{85E370B8-5B61-4804-B25D-49EA424574DA}.Ad-Hoc|iPhoneSimulator.ActiveCfg = Release|Any CPU
		{85E370B8-5B61-4804-B25D-49EA424574DA}.Ad-Hoc|iPhoneSimulator.Build.0 = Release|Any CPU
		{85E370B8-5B61-4804-B25D-49EA424574DA}.Ad-Hoc|x64.ActiveCfg = Release|Any CPU
		{85E370B8-5B61-4804-B25D-49EA424574DA}.Ad-Hoc|x64.Build.0 = Release|Any CPU
		{85E370B8-5B61-4804-B25D-49EA424574DA}.Ad-Hoc|x86.ActiveCfg = Release|Any CPU
		{85E370B8-5B61-4804-B25D-49EA424574DA}.Ad-Hoc|x86.Build.0 = Release|Any CPU
		{85E370B8-5B61-4804-B25D-49EA424574DA}.AppStore|Any CPU.ActiveCfg = Release|Any CPU
		{85E370B8-5B61-4804-B25D-49EA424574DA}.AppStore|Any CPU.Build.0 = Release|Any CPU
		{85E370B8-5B61-4804-B25D-49EA424574DA}.AppStore|ARM.ActiveCfg = Release|Any CPU
		{85E370B8-5B61-4804-B25D-49EA424574DA}.AppStore|ARM.Build.0 = Release|Any CPU
		{85E370B8-5B61-4804-B25D-49EA424574DA}.AppStore|iPhone.ActiveCfg = Release|Any CPU
		{85E370B8-5B61-4804-B25D-49EA424574DA}.AppStore|iPhone.Build.0 = Release|Any CPU
		{85E370B8-5B61-4804-B25D-49EA424574DA}.AppStore|iPhoneSimulator.ActiveCfg = Release|Any CPU
		{85E370B8-5B61-4804-B25D-49EA424574DA}.AppStore|iPhoneSimulator.Build.0 = Release|Any CPU
		{85E370B8-5B61-4804-B25D-49EA424574DA}.AppStore|x64.ActiveCfg = Release|Any CPU
		{85E370B8-5B61-4804-B25D-49EA424574DA}.AppStore|x64.Build.0 = Release|Any CPU
		{85E370B8-5B61-4804-B25D-49EA424574DA}.AppStore|x86.ActiveCfg = Release|Any CPU
		{85E370B8-5B61-4804-B25D-49EA424574DA}.AppStore|x86.Build.0 = Release|Any CPU
		{85E370B8-5B61-4804-B25D-49EA424574DA}.Debug|Any CPU.ActiveCfg = Debug|Any CPU
		{85E370B8-5B61-4804-B25D-49EA424574DA}.Debug|Any CPU.Build.0 = Debug|Any CPU
		{85E370B8-5B61-4804-B25D-49EA424574DA}.Debug|ARM.ActiveCfg = Debug|Any CPU
		{85E370B8-5B61-4804-B25D-49EA424574DA}.Debug|ARM.Build.0 = Debug|Any CPU
		{85E370B8-5B61-4804-B25D-49EA424574DA}.Debug|iPhone.ActiveCfg = Debug|Any CPU
		{85E370B8-5B61-4804-B25D-49EA424574DA}.Debug|iPhone.Build.0 = Debug|Any CPU
		{85E370B8-5B61-4804-B25D-49EA424574DA}.Debug|iPhoneSimulator.ActiveCfg = Debug|Any CPU
		{85E370B8-5B61-4804-B25D-49EA424574DA}.Debug|iPhoneSimulator.Build.0 = Debug|Any CPU
		{85E370B8-5B61-4804-B25D-49EA424574DA}.Debug|x64.ActiveCfg = Debug|Any CPU
		{85E370B8-5B61-4804-B25D-49EA424574DA}.Debug|x64.Build.0 = Debug|Any CPU
		{85E370B8-5B61-4804-B25D-49EA424574DA}.Debug|x86.ActiveCfg = Debug|Any CPU
		{85E370B8-5B61-4804-B25D-49EA424574DA}.Debug|x86.Build.0 = Debug|Any CPU
		{85E370B8-5B61-4804-B25D-49EA424574DA}.Release|Any CPU.ActiveCfg = Release|Any CPU
		{85E370B8-5B61-4804-B25D-49EA424574DA}.Release|Any CPU.Build.0 = Release|Any CPU
		{85E370B8-5B61-4804-B25D-49EA424574DA}.Release|ARM.ActiveCfg = Release|Any CPU
		{85E370B8-5B61-4804-B25D-49EA424574DA}.Release|ARM.Build.0 = Release|Any CPU
		{85E370B8-5B61-4804-B25D-49EA424574DA}.Release|iPhone.ActiveCfg = Release|Any CPU
		{85E370B8-5B61-4804-B25D-49EA424574DA}.Release|iPhone.Build.0 = Release|Any CPU
		{85E370B8-5B61-4804-B25D-49EA424574DA}.Release|iPhoneSimulator.ActiveCfg = Release|Any CPU
		{85E370B8-5B61-4804-B25D-49EA424574DA}.Release|iPhoneSimulator.Build.0 = Release|Any CPU
		{85E370B8-5B61-4804-B25D-49EA424574DA}.Release|x64.ActiveCfg = Release|Any CPU
		{85E370B8-5B61-4804-B25D-49EA424574DA}.Release|x64.Build.0 = Release|Any CPU
		{85E370B8-5B61-4804-B25D-49EA424574DA}.Release|x86.ActiveCfg = Release|Any CPU
		{85E370B8-5B61-4804-B25D-49EA424574DA}.Release|x86.Build.0 = Release|Any CPU
		{1743B64E-D687-4B31-81D6-2C460EE1B201}.Ad-Hoc|Any CPU.ActiveCfg = Release|Any CPU
		{1743B64E-D687-4B31-81D6-2C460EE1B201}.Ad-Hoc|Any CPU.Build.0 = Release|Any CPU
		{1743B64E-D687-4B31-81D6-2C460EE1B201}.Ad-Hoc|ARM.ActiveCfg = Release|Any CPU
		{1743B64E-D687-4B31-81D6-2C460EE1B201}.Ad-Hoc|ARM.Build.0 = Release|Any CPU
		{1743B64E-D687-4B31-81D6-2C460EE1B201}.Ad-Hoc|iPhone.ActiveCfg = Release|Any CPU
		{1743B64E-D687-4B31-81D6-2C460EE1B201}.Ad-Hoc|iPhone.Build.0 = Release|Any CPU
		{1743B64E-D687-4B31-81D6-2C460EE1B201}.Ad-Hoc|iPhoneSimulator.ActiveCfg = Release|Any CPU
		{1743B64E-D687-4B31-81D6-2C460EE1B201}.Ad-Hoc|iPhoneSimulator.Build.0 = Release|Any CPU
		{1743B64E-D687-4B31-81D6-2C460EE1B201}.Ad-Hoc|x64.ActiveCfg = Release|Any CPU
		{1743B64E-D687-4B31-81D6-2C460EE1B201}.Ad-Hoc|x64.Build.0 = Release|Any CPU
		{1743B64E-D687-4B31-81D6-2C460EE1B201}.Ad-Hoc|x86.ActiveCfg = Release|Any CPU
		{1743B64E-D687-4B31-81D6-2C460EE1B201}.Ad-Hoc|x86.Build.0 = Release|Any CPU
		{1743B64E-D687-4B31-81D6-2C460EE1B201}.AppStore|Any CPU.ActiveCfg = Release|Any CPU
		{1743B64E-D687-4B31-81D6-2C460EE1B201}.AppStore|Any CPU.Build.0 = Release|Any CPU
		{1743B64E-D687-4B31-81D6-2C460EE1B201}.AppStore|ARM.ActiveCfg = Release|Any CPU
		{1743B64E-D687-4B31-81D6-2C460EE1B201}.AppStore|ARM.Build.0 = Release|Any CPU
		{1743B64E-D687-4B31-81D6-2C460EE1B201}.AppStore|iPhone.ActiveCfg = Release|Any CPU
		{1743B64E-D687-4B31-81D6-2C460EE1B201}.AppStore|iPhone.Build.0 = Release|Any CPU
		{1743B64E-D687-4B31-81D6-2C460EE1B201}.AppStore|iPhoneSimulator.ActiveCfg = Release|Any CPU
		{1743B64E-D687-4B31-81D6-2C460EE1B201}.AppStore|iPhoneSimulator.Build.0 = Release|Any CPU
		{1743B64E-D687-4B31-81D6-2C460EE1B201}.AppStore|x64.ActiveCfg = Release|Any CPU
		{1743B64E-D687-4B31-81D6-2C460EE1B201}.AppStore|x64.Build.0 = Release|Any CPU
		{1743B64E-D687-4B31-81D6-2C460EE1B201}.AppStore|x86.ActiveCfg = Release|Any CPU
		{1743B64E-D687-4B31-81D6-2C460EE1B201}.AppStore|x86.Build.0 = Release|Any CPU
		{1743B64E-D687-4B31-81D6-2C460EE1B201}.Debug|Any CPU.ActiveCfg = Debug|Any CPU
		{1743B64E-D687-4B31-81D6-2C460EE1B201}.Debug|Any CPU.Build.0 = Debug|Any CPU
		{1743B64E-D687-4B31-81D6-2C460EE1B201}.Debug|ARM.ActiveCfg = Debug|Any CPU
		{1743B64E-D687-4B31-81D6-2C460EE1B201}.Debug|ARM.Build.0 = Debug|Any CPU
		{1743B64E-D687-4B31-81D6-2C460EE1B201}.Debug|iPhone.ActiveCfg = Debug|Any CPU
		{1743B64E-D687-4B31-81D6-2C460EE1B201}.Debug|iPhone.Build.0 = Debug|Any CPU
		{1743B64E-D687-4B31-81D6-2C460EE1B201}.Debug|iPhoneSimulator.ActiveCfg = Debug|Any CPU
		{1743B64E-D687-4B31-81D6-2C460EE1B201}.Debug|iPhoneSimulator.Build.0 = Debug|Any CPU
		{1743B64E-D687-4B31-81D6-2C460EE1B201}.Debug|x64.ActiveCfg = Debug|Any CPU
		{1743B64E-D687-4B31-81D6-2C460EE1B201}.Debug|x64.Build.0 = Debug|Any CPU
		{1743B64E-D687-4B31-81D6-2C460EE1B201}.Debug|x86.ActiveCfg = Debug|Any CPU
		{1743B64E-D687-4B31-81D6-2C460EE1B201}.Debug|x86.Build.0 = Debug|Any CPU
		{1743B64E-D687-4B31-81D6-2C460EE1B201}.Release|Any CPU.ActiveCfg = Release|Any CPU
		{1743B64E-D687-4B31-81D6-2C460EE1B201}.Release|Any CPU.Build.0 = Release|Any CPU
		{1743B64E-D687-4B31-81D6-2C460EE1B201}.Release|ARM.ActiveCfg = Release|Any CPU
		{1743B64E-D687-4B31-81D6-2C460EE1B201}.Release|ARM.Build.0 = Release|Any CPU
		{1743B64E-D687-4B31-81D6-2C460EE1B201}.Release|iPhone.ActiveCfg = Release|Any CPU
		{1743B64E-D687-4B31-81D6-2C460EE1B201}.Release|iPhone.Build.0 = Release|Any CPU
		{1743B64E-D687-4B31-81D6-2C460EE1B201}.Release|iPhoneSimulator.ActiveCfg = Release|Any CPU
		{1743B64E-D687-4B31-81D6-2C460EE1B201}.Release|iPhoneSimulator.Build.0 = Release|Any CPU
		{1743B64E-D687-4B31-81D6-2C460EE1B201}.Release|x64.ActiveCfg = Release|Any CPU
		{1743B64E-D687-4B31-81D6-2C460EE1B201}.Release|x64.Build.0 = Release|Any CPU
		{1743B64E-D687-4B31-81D6-2C460EE1B201}.Release|x86.ActiveCfg = Release|Any CPU
		{1743B64E-D687-4B31-81D6-2C460EE1B201}.Release|x86.Build.0 = Release|Any CPU
	EndGlobalSection
	GlobalSection(SolutionProperties) = preSolution
		HideSolutionNode = FALSE
	EndGlobalSection
	GlobalSection(NestedProjects) = preSolution
		{67F9D3A8-F71E-4428-913F-C37AE82CDB24} = {E889492D-D7EB-4E84-904A-0DFF752BCA86}
		{85E370B8-5B61-4804-B25D-49EA424574DA} = {E889492D-D7EB-4E84-904A-0DFF752BCA86}
		{1743B64E-D687-4B31-81D6-2C460EE1B201} = {E889492D-D7EB-4E84-904A-0DFF752BCA86}
	EndGlobalSection
EndGlobal
